
Microsoft Visual Studio Solution File, Format Version 12.00
# Visual Studio Version 16
VisualStudioVersion = 16.0.30011.22
MinimumVisualStudioVersion = 10.0.40219.1
Project("{FAE04EC0-301F-11D3-BF4B-00C04F79EFBC}") = "Entidades", "Entidades\Entidades.csproj", "{14B1E199-A6A1-481D-B54C-C60E70CD38C0}"
EndProject
Project("{FAE04EC0-301F-11D3-BF4B-00C04F79EFBC}") = "MiCalculadora", "MiCalculadora\MiCalculadora.csproj", "{9702DE11-1649-4E2B-A6D4-5AF6AF69C731}"
EndProject
Global
	GlobalSection(SolutionConfigurationPlatforms) = preSolution
		Debug|Any CPU = Debug|Any CPU
		Release|Any CPU = Release|Any CPU
	EndGlobalSection
	GlobalSection(ProjectConfigurationPlatforms) = postSolution
		{14B1E199-A6A1-481D-B54C-C60E70CD38C0}.Debug|Any CPU.ActiveCfg = Debug|Any CPU
		{14B1E199-A6A1-481D-B54C-C60E70CD38C0}.Debug|Any CPU.Build.0 = Debug|Any CPU
		{14B1E199-A6A1-481D-B54C-C60E70CD38C0}.Release|Any CPU.ActiveCfg = Release|Any CPU
		{14B1E199-A6A1-481D-B54C-C60E70CD38C0}.Release|Any CPU.Build.0 = Release|Any CPU
		{9702DE11-1649-4E2B-A6D4-5AF6AF69C731}.Debug|Any CPU.ActiveCfg = Debug|Any CPU
		{9702DE11-1649-4E2B-A6D4-5AF6AF69C731}.Debug|Any CPU.Build.0 = Debug|Any CPU
		{9702DE11-1649-4E2B-A6D4-5AF6AF69C731}.Release|Any CPU.ActiveCfg = Release|Any CPU
		{9702DE11-1649-4E2B-A6D4-5AF6AF69C731}.Release|Any CPU.Build.0 = Release|Any CPU
	EndGlobalSection
	GlobalSection(SolutionProperties) = preSolution
		HideSolutionNode = FALSE
	EndGlobalSection
	GlobalSection(ExtensibilityGlobals) = postSolution
		SolutionGuid = {EB1EE245-5ACE-4D80-9CAF-9D870DF89AFF}
	EndGlobalSection
EndGlobal
